{
    "_readme": [
        "This file locks the dependencies of your project to a known state",
        "Read more about it at https://getcomposer.org/doc/01-basic-usage.md#composer-lock-the-lock-file",
        "This file is @generated automatically"
    ],
    "hash": "0f2c80829dc8d0a5b711527b91fc5d79",
    "content-hash": "193f648ccf51f85eafae1fc8284e57c6",
    "packages": [
        {
            "name": "digicol/schemaorg-sdk",
            "version": "dev-master",
            "source": {
                "type": "git",
                "url": "https://github.com/digicol/schemaorg-sdk.git",
                "reference": "51ee1649fe2d7ea9461318066fbc6fa888060a87"
            },
            "dist": {
                "type": "zip",
                "url": "https://api.github.com/repos/digicol/schemaorg-sdk/zipball/51ee1649fe2d7ea9461318066fbc6fa888060a87",
                "reference": "51ee1649fe2d7ea9461318066fbc6fa888060a87",
                "shasum": ""
            },
            "require": {
                "php": ">=5.4.0"
            },
            "type": "library",
            "autoload": {
                "psr-4": {
                    "Digicol\\SchemaOrg\\Sdk\\": "src/"
                }
            },
            "license": [
                "MIT"
            ],
            "authors": [
                {
                    "name": "Digital Collections Verlagsgesellschaft mbH",
                    "email": "dev@digicol.com",
                    "role": "Developer"
                }
            ],
            "description": "Digital Collections inofficial schema.org PHP SDK",
            "homepage": "http://ww.digicol.de/",
            "keywords": [
                "schemaorg"
            ],
            "support": {
                "source": "https://github.com/digicol/schemaorg-sdk/tree/master",
                "issues": "https://github.com/digicol/schemaorg-sdk/issues"
            },
            "time": "2016-11-16 14:50:37"
        },
        {
            "name": "gettyimages/gettyimages-api",
            "version": "dev-master",
            "source": {
                "type": "git",
                "url": "https://github.com/gettyimages/gettyimages-api_php.git",
                "reference": "652e83d8bd7fb5371f30a29c36b71c7b72375f5e"
            },
            "dist": {
                "type": "zip",
                "url": "https://api.github.com/repos/gettyimages/gettyimages-api_php/zipball/652e83d8bd7fb5371f30a29c36b71c7b72375f5e",
                "reference": "652e83d8bd7fb5371f30a29c36b71c7b72375f5e",
                "shasum": ""
            },
            "require": {
                "php": ">=5.4.0"
            },
            "require-dev": {
                "behat/behat": "~3.0.6",
                "phine/phar": "~1.0"
            },
            "type": "library",
            "autoload": {
                "psr-4": {
                    "GettyImages\\Api\\": "src/"
                }
            },
            "notification-url": "https://packagist.org/downloads/",
            "license": [
                "MIT"
            ],
            "authors": [
                {
                    "name": "Getty Images, Inc.",
                    "email": "developersupport@gettyimages.com",
                    "role": "Developer"
                }
            ],
            "description": "Getty Images API SDK - PHP",
            "homepage": "http://developer.gettyimages.com",
            "keywords": [
                "artist",
                "creative",
                "embed",
                "getty",
                "gettyimages",
                "images",
                "photo",
                "photos",
                "search"
            ],
            "abandoned": true,
            "time": "2016-11-01 22:19:07"
        }
    ],
    "packages-dev": [],
    "aliases": [],
    "minimum-stability": "dev",
    "stability-flags": {
        "gettyimages/gettyimages-api": 20,
        "digicol/schemaorg-sdk": 20
    },
    "prefer-stable": false,
    "prefer-lowest": false,
    "platform": [],
    "platform-dev": []
}
